
Microsoft Visual Studio Solution File, Format Version 12.00
# Visual Studio 15
VisualStudioVersion = 15.0.28307.271
MinimumVisualStudioVersion = 10.0.40219.1
Project("{FAE04EC0-301F-11D3-BF4B-00C04F79EFBC}") = "SisMVC", "SisMVC\SisMVC.csproj", "{874138F3-8D54-425B-8349-F988C843DD31}"
EndProject
Global
	GlobalSection(SolutionConfigurationPlatforms) = preSolution
		Debug|Any CPU = Debug|Any CPU
		Release|Any CPU = Release|Any CPU
	EndGlobalSection
	GlobalSection(ProjectConfigurationPlatforms) = postSolution
		{874138F3-8D54-425B-8349-F988C843DD31}.Debug|Any CPU.ActiveCfg = Debug|Any CPU
		{874138F3-8D54-425B-8349-F988C843DD31}.Debug|Any CPU.Build.0 = Debug|Any CPU
		{874138F3-8D54-425B-8349-F988C843DD31}.Release|Any CPU.ActiveCfg = Release|Any CPU
		{874138F3-8D54-425B-8349-F988C843DD31}.Release|Any CPU.Build.0 = Release|Any CPU
	EndGlobalSection
	GlobalSection(SolutionProperties) = preSolution
		HideSolutionNode = FALSE
	EndGlobalSection
	GlobalSection(ExtensibilityGlobals) = postSolution
		SolutionGuid = {1E548BF6-17A8-4F2A-9FCA-9F527CE7C271}
	EndGlobalSection
EndGlobal
